
Microsoft Visual Studio Solution File, Format Version 12.00
# Visual Studio Version 17
VisualStudioVersion = 17.9.34728.123
MinimumVisualStudioVersion = 10.0.40219.1
Project("{9A19103F-16F7-4668-BE54-9A1E7A4F7556}") = "PocketWord", "PocketWord\PocketWord.csproj", "{68DCC9A4-E53F-4252-AA80-DA198B6598F6}"
EndProject
Global
	GlobalSection(SolutionConfigurationPlatforms) = preSolution
		Debug|Any CPU = Debug|Any CPU
		Release|Any CPU = Release|Any CPU
	EndGlobalSection
	GlobalSection(ProjectConfigurationPlatforms) = postSolution
		{68DCC9A4-E53F-4252-AA80-DA198B6598F6}.Debug|Any CPU.ActiveCfg = Debug|Any CPU
		{68DCC9A4-E53F-4252-AA80-DA198B6598F6}.Debug|Any CPU.Build.0 = Debug|Any CPU
		{68DCC9A4-E53F-4252-AA80-DA198B6598F6}.Release|Any CPU.ActiveCfg = Release|Any CPU
		{68DCC9A4-E53F-4252-AA80-DA198B6598F6}.Release|Any CPU.Build.0 = Release|Any CPU
	EndGlobalSection
	GlobalSection(SolutionProperties) = preSolution
		HideSolutionNode = FALSE
	EndGlobalSection
	GlobalSection(ExtensibilityGlobals) = postSolution
		SolutionGuid = {D998208F-0475-41D9-A6A0-A00DF16E4B18}
	EndGlobalSection
EndGlobal
